
Microsoft Visual Studio Solution File, Format Version 12.00
# Visual Studio Version 16
VisualStudioVersion = 16.0.30413.136
MinimumVisualStudioVersion = 10.0.40219.1
Project("{FAE04EC0-301F-11D3-BF4B-00C04F79EFBC}") = "BlowfishAlgorithm", "BlowfishAlgorithm\BlowfishAlgorithm.csproj", "{0AD213BE-F765-4A62-8A34-1CCDBD8DC9AD}"
EndProject
Global
	GlobalSection(SolutionConfigurationPlatforms) = preSolution
		Debug|Any CPU = Debug|Any CPU
		Release|Any CPU = Release|Any CPU
	EndGlobalSection
	GlobalSection(ProjectConfigurationPlatforms) = postSolution
		{0AD213BE-F765-4A62-8A34-1CCDBD8DC9AD}.Debug|Any CPU.ActiveCfg = Debug|Any CPU
		{0AD213BE-F765-4A62-8A34-1CCDBD8DC9AD}.Debug|Any CPU.Build.0 = Debug|Any CPU
		{0AD213BE-F765-4A62-8A34-1CCDBD8DC9AD}.Release|Any CPU.ActiveCfg = Release|Any CPU
		{0AD213BE-F765-4A62-8A34-1CCDBD8DC9AD}.Release|Any CPU.Build.0 = Release|Any CPU
	EndGlobalSection
	GlobalSection(SolutionProperties) = preSolution
		HideSolutionNode = FALSE
	EndGlobalSection
	GlobalSection(ExtensibilityGlobals) = postSolution
		SolutionGuid = {B7830C35-CBD0-421B-82EA-A8E30170FA79}
	EndGlobalSection
EndGlobal
